
Microsoft Visual Studio Solution File, Format Version 12.00
# Visual Studio Version 17
VisualStudioVersion = 17.13.35828.75 d17.13
MinimumVisualStudioVersion = 10.0.40219.1
Project("{FAE04EC0-301F-11D3-BF4B-00C04F79EFBC}") = "PersonalityAnalyzer", "PersonalityAnalyzer.csproj", "{47096565-8489-4B31-8B8E-047C6D6FF26E}"
EndProject
Global
	GlobalSection(SolutionConfigurationPlatforms) = preSolution
		Debug|Any CPU = Debug|Any CPU
		Release|Any CPU = Release|Any CPU
	EndGlobalSection
	GlobalSection(ProjectConfigurationPlatforms) = postSolution
		{47096565-8489-4B31-8B8E-047C6D6FF26E}.Debug|Any CPU.ActiveCfg = Debug|Any CPU
		{47096565-8489-4B31-8B8E-047C6D6FF26E}.Debug|Any CPU.Build.0 = Debug|Any CPU
		{47096565-8489-4B31-8B8E-047C6D6FF26E}.Release|Any CPU.ActiveCfg = Release|Any CPU
		{47096565-8489-4B31-8B8E-047C6D6FF26E}.Release|Any CPU.Build.0 = Release|Any CPU
	EndGlobalSection
	GlobalSection(SolutionProperties) = preSolution
		HideSolutionNode = FALSE
	EndGlobalSection
	GlobalSection(ExtensibilityGlobals) = postSolution
		SolutionGuid = {EA682D79-FEC1-4C83-B50C-5B929B14A122}
	EndGlobalSection
EndGlobal
